
Microsoft Visual Studio Solution File, Format Version 12.00
# Visual Studio 15
VisualStudioVersion = 15.0.28307.329
MinimumVisualStudioVersion = 10.0.40219.1
Project("{FAE04EC0-301F-11D3-BF4B-00C04F79EFBC}") = "Guess Number", "Guess Number\Guess Number.csproj", "{83434B04-6B86-47E9-9660-8C5D25BB4E7B}"
EndProject
Global
	GlobalSection(SolutionConfigurationPlatforms) = preSolution
		Debug|Any CPU = Debug|Any CPU
		Release|Any CPU = Release|Any CPU
	EndGlobalSection
	GlobalSection(ProjectConfigurationPlatforms) = postSolution
		{83434B04-6B86-47E9-9660-8C5D25BB4E7B}.Debug|Any CPU.ActiveCfg = Debug|Any CPU
		{83434B04-6B86-47E9-9660-8C5D25BB4E7B}.Debug|Any CPU.Build.0 = Debug|Any CPU
		{83434B04-6B86-47E9-9660-8C5D25BB4E7B}.Release|Any CPU.ActiveCfg = Release|Any CPU
		{83434B04-6B86-47E9-9660-8C5D25BB4E7B}.Release|Any CPU.Build.0 = Release|Any CPU
	EndGlobalSection
	GlobalSection(SolutionProperties) = preSolution
		HideSolutionNode = FALSE
	EndGlobalSection
	GlobalSection(ExtensibilityGlobals) = postSolution
		SolutionGuid = {44E1FAEA-F2D0-405B-B004-E463320B02BC}
	EndGlobalSection
EndGlobal
